
Microsoft Visual Studio Solution File, Format Version 12.00
# Visual Studio Version 16
VisualStudioVersion = 16.0.29728.190
MinimumVisualStudioVersion = 10.0.40219.1
Project("{FAE04EC0-301F-11D3-BF4B-00C04F79EFBC}") = "GrpcService1", "GrpcService1\GrpcService1.csproj", "{8A84D319-51FE-4D1C-B87F-AF80364D497F}"
EndProject
Global
	GlobalSection(SolutionConfigurationPlatforms) = preSolution
		Debug|Any CPU = Debug|Any CPU
		Release|Any CPU = Release|Any CPU
	EndGlobalSection
	GlobalSection(ProjectConfigurationPlatforms) = postSolution
		{8A84D319-51FE-4D1C-B87F-AF80364D497F}.Debug|Any CPU.ActiveCfg = Debug|Any CPU
		{8A84D319-51FE-4D1C-B87F-AF80364D497F}.Debug|Any CPU.Build.0 = Debug|Any CPU
		{8A84D319-51FE-4D1C-B87F-AF80364D497F}.Release|Any CPU.ActiveCfg = Release|Any CPU
		{8A84D319-51FE-4D1C-B87F-AF80364D497F}.Release|Any CPU.Build.0 = Release|Any CPU
	EndGlobalSection
	GlobalSection(SolutionProperties) = preSolution
		HideSolutionNode = FALSE
	EndGlobalSection
	GlobalSection(ExtensibilityGlobals) = postSolution
		SolutionGuid = {7D240195-3009-48E1-8EE7-3072680CF26C}
	EndGlobalSection
EndGlobal
